
Microsoft Visual Studio Solution File, Format Version 12.00
# Visual Studio Version 17
VisualStudioVersion = 17.14.36221.1
MinimumVisualStudioVersion = 10.0.40219.1
Project("{FAE04EC0-301F-11D3-BF4B-00C04F79EFBC}") = "SentinelOS.Core", "SentinelOS.Core\SentinelOS.Core.csproj", "{CADFAD75-9174-4965-9014-7EA53855D66E}"
EndProject
Project("{FAE04EC0-301F-11D3-BF4B-00C04F79EFBC}") = "SentinelOS.Net", "SentinelOS.Net\SentinelOS.Net.csproj", "{65EFD21E-4318-4394-93B6-95FB0AC831A0}"
EndProject
Project("{FAE04EC0-301F-11D3-BF4B-00C04F79EFBC}") = "SentinelOS.Cli", "SentinelOS.Cli\SentinelOS.Cli.csproj", "{4594EA13-F35A-453F-8233-FE09F09E7FF5}"
EndProject
Project("{FAE04EC0-301F-11D3-BF4B-00C04F79EFBC}") = "SentinelOS.Server", "SentinelOS.Server\SentinelOS.Server.csproj", "{F71523DF-3FA4-4D79-B1BB-45F38D8E0280}"
EndProject
Project("{2150E333-8FDC-42A3-9474-1A3956D46DE8}") = "Libs", "Libs", "{02EA681E-C7D8-13C7-8484-4AC65E1B71E8}"
EndProject
Project("{FAE04EC0-301F-11D3-BF4B-00C04F79EFBC}") = "CodeLogic", "..\libs\CodeLogic\src\CodeLogic.csproj", "{296B67C6-50D8-BD66-43CB-852E9EB1B763}"
EndProject
Project("{FAE04EC0-301F-11D3-BF4B-00C04F79EFBC}") = "CL.NetUtils", "..\libs\CodeLogic.Libs\src\CL.NetUtils\CL.NetUtils.csproj", "{501A98C0-0924-4B7B-AA54-C285A87F2466}"
EndProject
Project("{FAE04EC0-301F-11D3-BF4B-00C04F79EFBC}") = "CL.MySQL", "..\libs\CodeLogic.Libs\src\CL.MySQL\CL.MySQL.csproj", "{EC4F9767-B30D-BA46-1BA1-69288191DFD5}"
EndProject
Project("{FAE04EC0-301F-11D3-BF4B-00C04F79EFBC}") = "CL.SystemStats", "..\libs\CodeLogic.Libs\src\CL.SystemStats\CL.SystemStats.csproj", "{06615384-DC51-1E9C-11D1-3349C97CA570}"
EndProject
Project("{FAE04EC0-301F-11D3-BF4B-00C04F79EFBC}") = "CL.Mail", "..\libs\CodeLogic.Libs\src\CL.Mail\CL.Mail.csproj", "{0D527139-3015-35A0-0B9F-F0F41869C323}"
EndProject
Project("{FAE04EC0-301F-11D3-BF4B-00C04F79EFBC}") = "CL.GitHelper", "..\libs\CodeLogic.Libs\src\CL.GitHelper\CL.GitHelper.csproj", "{70AC5538-6DB4-ABBC-2388-4D984A9770F9}"
EndProject
Project("{FAE04EC0-301F-11D3-BF4B-00C04F79EFBC}") = "CL.StorageS3", "..\libs\CodeLogic.Libs\src\CL.StorageS3\CL.StorageS3.csproj", "{3BF2735D-3122-07B8-F619-1AE2EAA67228}"
EndProject
Global
	GlobalSection(SolutionConfigurationPlatforms) = preSolution
		Debug|Any CPU = Debug|Any CPU
		Release|Any CPU = Release|Any CPU
	EndGlobalSection
	GlobalSection(ProjectConfigurationPlatforms) = postSolution
		{CADFAD75-9174-4965-9014-7EA53855D66E}.Debug|Any CPU.ActiveCfg = Debug|Any CPU
		{CADFAD75-9174-4965-9014-7EA53855D66E}.Debug|Any CPU.Build.0 = Debug|Any CPU
		{CADFAD75-9174-4965-9014-7EA53855D66E}.Release|Any CPU.ActiveCfg = Release|Any CPU
		{CADFAD75-9174-4965-9014-7EA53855D66E}.Release|Any CPU.Build.0 = Release|Any CPU
		{65EFD21E-4318-4394-93B6-95FB0AC831A0}.Debug|Any CPU.ActiveCfg = Debug|Any CPU
		{65EFD21E-4318-4394-93B6-95FB0AC831A0}.Debug|Any CPU.Build.0 = Debug|Any CPU
		{65EFD21E-4318-4394-93B6-95FB0AC831A0}.Release|Any CPU.ActiveCfg = Release|Any CPU
		{65EFD21E-4318-4394-93B6-95FB0AC831A0}.Release|Any CPU.Build.0 = Release|Any CPU
		{4594EA13-F35A-453F-8233-FE09F09E7FF5}.Debug|Any CPU.ActiveCfg = Debug|Any CPU
		{4594EA13-F35A-453F-8233-FE09F09E7FF5}.Debug|Any CPU.Build.0 = Debug|Any CPU
		{4594EA13-F35A-453F-8233-FE09F09E7FF5}.Release|Any CPU.ActiveCfg = Release|Any CPU
		{4594EA13-F35A-453F-8233-FE09F09E7FF5}.Release|Any CPU.Build.0 = Release|Any CPU
		{F71523DF-3FA4-4D79-B1BB-45F38D8E0280}.Debug|Any CPU.ActiveCfg = Debug|Any CPU
		{F71523DF-3FA4-4D79-B1BB-45F38D8E0280}.Debug|Any CPU.Build.0 = Debug|Any CPU
		{F71523DF-3FA4-4D79-B1BB-45F38D8E0280}.Release|Any CPU.ActiveCfg = Release|Any CPU
		{F71523DF-3FA4-4D79-B1BB-45F38D8E0280}.Release|Any CPU.Build.0 = Release|Any CPU
		{296B67C6-50D8-BD66-43CB-852E9EB1B763}.Debug|Any CPU.ActiveCfg = Debug|Any CPU
		{296B67C6-50D8-BD66-43CB-852E9EB1B763}.Debug|Any CPU.Build.0 = Debug|Any CPU
		{296B67C6-50D8-BD66-43CB-852E9EB1B763}.Release|Any CPU.ActiveCfg = Release|Any CPU
		{296B67C6-50D8-BD66-43CB-852E9EB1B763}.Release|Any CPU.Build.0 = Release|Any CPU
		{501A98C0-0924-4B7B-AA54-C285A87F2466}.Debug|Any CPU.ActiveCfg = Debug|Any CPU
		{501A98C0-0924-4B7B-AA54-C285A87F2466}.Debug|Any CPU.Build.0 = Debug|Any CPU
		{501A98C0-0924-4B7B-AA54-C285A87F2466}.Release|Any CPU.ActiveCfg = Release|Any CPU
		{501A98C0-0924-4B7B-AA54-C285A87F2466}.Release|Any CPU.Build.0 = Release|Any CPU
		{EC4F9767-B30D-BA46-1BA1-69288191DFD5}.Debug|Any CPU.ActiveCfg = Debug|Any CPU
		{EC4F9767-B30D-BA46-1BA1-69288191DFD5}.Debug|Any CPU.Build.0 = Debug|Any CPU
		{EC4F9767-B30D-BA46-1BA1-69288191DFD5}.Release|Any CPU.ActiveCfg = Release|Any CPU
		{EC4F9767-B30D-BA46-1BA1-69288191DFD5}.Release|Any CPU.Build.0 = Release|Any CPU
		{06615384-DC51-1E9C-11D1-3349C97CA570}.Debug|Any CPU.ActiveCfg = Debug|Any CPU
		{06615384-DC51-1E9C-11D1-3349C97CA570}.Debug|Any CPU.Build.0 = Debug|Any CPU
		{06615384-DC51-1E9C-11D1-3349C97CA570}.Release|Any CPU.ActiveCfg = Release|Any CPU
		{06615384-DC51-1E9C-11D1-3349C97CA570}.Release|Any CPU.Build.0 = Release|Any CPU
		{0D527139-3015-35A0-0B9F-F0F41869C323}.Debug|Any CPU.ActiveCfg = Debug|Any CPU
		{0D527139-3015-35A0-0B9F-F0F41869C323}.Debug|Any CPU.Build.0 = Debug|Any CPU
		{0D527139-3015-35A0-0B9F-F0F41869C323}.Release|Any CPU.ActiveCfg = Release|Any CPU
		{0D527139-3015-35A0-0B9F-F0F41869C323}.Release|Any CPU.Build.0 = Release|Any CPU
		{70AC5538-6DB4-ABBC-2388-4D984A9770F9}.Debug|Any CPU.ActiveCfg = Debug|Any CPU
		{70AC5538-6DB4-ABBC-2388-4D984A9770F9}.Debug|Any CPU.Build.0 = Debug|Any CPU
		{70AC5538-6DB4-ABBC-2388-4D984A9770F9}.Release|Any CPU.ActiveCfg = Release|Any CPU
		{70AC5538-6DB4-ABBC-2388-4D984A9770F9}.Release|Any CPU.Build.0 = Release|Any CPU
		{3BF2735D-3122-07B8-F619-1AE2EAA67228}.Debug|Any CPU.ActiveCfg = Debug|Any CPU
		{3BF2735D-3122-07B8-F619-1AE2EAA67228}.Debug|Any CPU.Build.0 = Debug|Any CPU
		{3BF2735D-3122-07B8-F619-1AE2EAA67228}.Release|Any CPU.ActiveCfg = Release|Any CPU
		{3BF2735D-3122-07B8-F619-1AE2EAA67228}.Release|Any CPU.Build.0 = Release|Any CPU
	EndGlobalSection
	GlobalSection(SolutionProperties) = preSolution
		HideSolutionNode = FALSE
	EndGlobalSection
	GlobalSection(NestedProjects) = preSolution
		{CADFAD75-9174-4965-9014-7EA53855D66E} = {02EA681E-C7D8-13C7-8484-4AC65E1B71E8}
		{65EFD21E-4318-4394-93B6-95FB0AC831A0} = {02EA681E-C7D8-13C7-8484-4AC65E1B71E8}
		{296B67C6-50D8-BD66-43CB-852E9EB1B763} = {02EA681E-C7D8-13C7-8484-4AC65E1B71E8}
		{501A98C0-0924-4B7B-AA54-C285A87F2466} = {02EA681E-C7D8-13C7-8484-4AC65E1B71E8}
		{EC4F9767-B30D-BA46-1BA1-69288191DFD5} = {02EA681E-C7D8-13C7-8484-4AC65E1B71E8}
		{06615384-DC51-1E9C-11D1-3349C97CA570} = {02EA681E-C7D8-13C7-8484-4AC65E1B71E8}
		{0D527139-3015-35A0-0B9F-F0F41869C323} = {02EA681E-C7D8-13C7-8484-4AC65E1B71E8}
		{70AC5538-6DB4-ABBC-2388-4D984A9770F9} = {02EA681E-C7D8-13C7-8484-4AC65E1B71E8}
		{3BF2735D-3122-07B8-F619-1AE2EAA67228} = {02EA681E-C7D8-13C7-8484-4AC65E1B71E8}
	EndGlobalSection
	GlobalSection(ExtensibilityGlobals) = postSolution
		SolutionGuid = {D8868186-24C2-439A-8E86-349EC0865CAD}
	EndGlobalSection
EndGlobal
